// !$*UTF8*$!
{
	archiveVersion = 1;
	classes = {
	};
	objectVersion = 77;
	objects = {

/* Begin PBXBuildFile section */
		FC6FFA822FDB48B9001D5E2E /* Assets.xcassets in Resources */ = {isa = PBXBuildFile; fileRef = FC6FFA7F2FDB48B9001D5E2E /* Assets.xcassets */; };
		FC6FFA832FDB48B9001D5E2E /* SignalApp.swift in Sources */ = {isa = PBXBuildFile; fileRef = FC6FFA802FDB48B9001D5E2E /* SignalApp.swift */; };
		FCCC9B3D2FDC737D00C154F7 /* AppConstants.swift in Sources */ = {isa = PBXBuildFile; fileRef = FCCC9B3C2FDC737D00C154F7 /* AppConstants.swift */; };
		FCCC9B592FDC79F500C154F7 /* Color+Signal.swift in Sources */ = {isa = PBXBuildFile; fileRef = FCCC9B582FDC79F500C154F7 /* Color+Signal.swift */; };
		FCCC9B5B2FDC7CD400C154F7 /* Font+Signal.swift in Sources */ = {isa = PBXBuildFile; fileRef = FCCC9B5A2FDC7CD400C154F7 /* Font+Signal.swift */; };
		FCCC9B5D2FDC7E7F00C154F7 /* SignalCardModifiers.swift in Sources */ = {isa = PBXBuildFile; fileRef = FCCC9B5C2FDC7E7F00C154F7 /* SignalCardModifiers.swift */; };
		FCCC9B5F2FDC806F00C154F7 /* PressEffectModifier.swift in Sources */ = {isa = PBXBuildFile; fileRef = FCCC9B5E2FDC806F00C154F7 /* PressEffectModifier.swift */; };
		FCCC9B612FDC822800C154F7 /* SIgnalDivider.swift in Sources */ = {isa = PBXBuildFile; fileRef = FCCC9B602FDC822800C154F7 /* SIgnalDivider.swift */; };
		FCCC9B632FDC82AF00C154F7 /* SIGNAL.swift in Sources */ = {isa = PBXBuildFile; fileRef = FCCC9B622FDC82AF00C154F7 /* SIGNAL.swift */; };
/* End PBXBuildFile section */

/* Begin PBXFileReference section */
		FC6FFA712FDB4890001D5E2E /* Signal.app */ = {isa = PBXFileReference; explicitFileType = wrapper.application; includeInIndex = 0; path = Signal.app; sourceTree = BUILT_PRODUCTS_DIR; };
		FC6FFA7F2FDB48B9001D5E2E /* Assets.xcassets */ = {isa = PBXFileReference; lastKnownFileType = folder.assetcatalog; path = Assets.xcassets; sourceTree = "<group>"; };
		FC6FFA802FDB48B9001D5E2E /* SignalApp.swift */ = {isa = PBXFileReference; lastKnownFileType = sourcecode.swift; path = SignalApp.swift; sourceTree = "<group>"; };
		FCCC9B3C2FDC737D00C154F7 /* AppConstants.swift */ = {isa = PBXFileReference; lastKnownFileType = sourcecode.swift; path = AppConstants.swift; sourceTree = "<group>"; };
		FCCC9B582FDC79F500C154F7 /* Color+Signal.swift */ = {isa = PBXFileReference; indentWidth = 5; lastKnownFileType = sourcecode.swift; path = "Color+Signal.swift"; sourceTree = "<group>"; };
		FCCC9B5A2FDC7CD400C154F7 /* Font+Signal.swift */ = {isa = PBXFileReference; lastKnownFileType = sourcecode.swift; path = "Font+Signal.swift"; sourceTree = "<group>"; };
		FCCC9B5C2FDC7E7F00C154F7 /* SignalCardModifiers.swift */ = {isa = PBXFileReference; lastKnownFileType = sourcecode.swift; path = SignalCardModifiers.swift; sourceTree = "<group>"; };
		FCCC9B5E2FDC806F00C154F7 /* PressEffectModifier.swift */ = {isa = PBXFileReference; lastKnownFileType = sourcecode.swift; path = PressEffectModifier.swift; sourceTree = "<group>"; };
		FCCC9B602FDC822800C154F7 /* SIgnalDivider.swift */ = {isa = PBXFileReference; lastKnownFileType = sourcecode.swift; path = SIgnalDivider.swift; sourceTree = "<group>"; };
		FCCC9B622FDC82AF00C154F7 /* SIGNAL.swift */ = {isa = PBXFileReference; lastKnownFileType = sourcecode.swift; path = SIGNAL.swift; sourceTree = "<group>"; };
/* End PBXFileReference section */

/* Begin PBXFrameworksBuildPhase section */
		FC6FFA6E2FDB4890001D5E2E /* Frameworks */ = {
			isa = PBXFrameworksBuildPhase;
			buildActionMask = 2147483647;
			files = (
			);
			runOnlyForDeploymentPostprocessing = 0;
		};
/* End PBXFrameworksBuildPhase section */

/* Begin PBXGroup section */
		FC6FFA682FDB4890001D5E2E = {
			isa = PBXGroup;
			children = (
				FC6FFA812FDB48B9001D5E2E /* Signal */,
				FC6FFA722FDB4890001D5E2E /* Products */,
			);
			sourceTree = "<group>";
		};
		FC6FFA722FDB4890001D5E2E /* Products */ = {
			isa = PBXGroup;
			children = (
				FC6FFA712FDB4890001D5E2E /* Signal.app */,
			);
			name = Products;
			sourceTree = "<group>";
		};
		FC6FFA812FDB48B9001D5E2E /* Signal */ = {
			isa = PBXGroup;
			children = (
				FC6FFA842FDB48BB001D5E2E /* App */,
				FC6FFA852FDB48CA001D5E2E /* Models */,
				FC6FFA8A2FDB48EF001D5E2E /* ViewModels */,
				FC6FFA892FDB48EA001D5E2E /* Views */,
				FC6FFA882FDB48E2001D5E2E /* Services */,
				FC6FFA872FDB48DA001D5E2E /* Utils */,
				FC6FFA862FDB48D5001D5E2E /* Widget */,
				FC6FFA7F2FDB48B9001D5E2E /* Assets.xcassets */,
			);
			path = Signal;
			sourceTree = "<group>";
		};
		FC6FFA842FDB48BB001D5E2E /* App */ = {
			isa = PBXGroup;
			children = (
				FC6FFA802FDB48B9001D5E2E /* SignalApp.swift */,
				FCCC9B3C2FDC737D00C154F7 /* AppConstants.swift */,
			);
			path = App;
			sourceTree = "<group>";
		};
		FC6FFA852FDB48CA001D5E2E /* Models */ = {
			isa = PBXGroup;
			children = (
			);
			path = Models;
			sourceTree = "<group>";
		};
		FC6FFA862FDB48D5001D5E2E /* Widget */ = {
			isa = PBXGroup;
			children = (
			);
			path = Widget;
			sourceTree = "<group>";
		};
		FC6FFA872FDB48DA001D5E2E /* Utils */ = {
			isa = PBXGroup;
			children = (
				FC6FFA932FDB49B8001D5E2E /* Modifiers */,
				FC6FFA922FDB49AE001D5E2E /* Extensions */,
			);
			path = Utils;
			sourceTree = "<group>";
		};
		FC6FFA882FDB48E2001D5E2E /* Services */ = {
			isa = PBXGroup;
			children = (
			);
			path = Services;
			sourceTree = "<group>";
		};
		FC6FFA892FDB48EA001D5E2E /* Views */ = {
			isa = PBXGroup;
			children = (
				FC6FFA912FDB49A6001D5E2E /* Root */,
				FC6FFA902FDB499C001D5E2E /* Components */,
				FC6FFA8F2FDB4996001D5E2E /* Bookmarks */,
				FC6FFA8E2FDB498D001D5E2E /* Detail */,
				FC6FFA8D2FDB4982001D5E2E /* Feed */,
			);
			path = Views;
			sourceTree = "<group>";
		};
		FC6FFA8A2FDB48EF001D5E2E /* ViewModels */ = {
			isa = PBXGroup;
			children = (
			);
			path = ViewModels;
			sourceTree = "<group>";
		};
		FC6FFA8D2FDB4982001D5E2E /* Feed */ = {
			isa = PBXGroup;
			children = (
			);
			path = Feed;
			sourceTree = "<group>";
		};
		FC6FFA8E2FDB498D001D5E2E /* Detail */ = {
			isa = PBXGroup;
			children = (
			);
			path = Detail;
			sourceTree = "<group>";
		};
		FC6FFA8F2FDB4996001D5E2E /* Bookmarks */ = {
			isa = PBXGroup;
			children = (
			);
			path = Bookmarks;
			sourceTree = "<group>";
		};
		FC6FFA902FDB499C001D5E2E /* Components */ = {
			isa = PBXGroup;
			children = (
				FCCC9B602FDC822800C154F7 /* SIgnalDivider.swift */,
			);
			path = Components;
			sourceTree = "<group>";
		};
		FC6FFA912FDB49A6001D5E2E /* Root */ = {
			isa = PBXGroup;
			children = (
			);
			path = Root;
			sourceTree = "<group>";
		};
		FC6FFA922FDB49AE001D5E2E /* Extensions */ = {
			isa = PBXGroup;
			children = (
				FCCC9B582FDC79F500C154F7 /* Color+Signal.swift */,
				FCCC9B5A2FDC7CD400C154F7 /* Font+Signal.swift */,
				FCCC9B622FDC82AF00C154F7 /* SIGNAL.swift */,
			);
			path = Extensions;
			sourceTree = "<group>";
		};
		FC6FFA932FDB49B8001D5E2E /* Modifiers */ = {
			isa = PBXGroup;
			children = (
				FCCC9B5C2FDC7E7F00C154F7 /* SignalCardModifiers.swift */,
				FCCC9B5E2FDC806F00C154F7 /* PressEffectModifier.swift */,
			);
			path = Modifiers;
			sourceTree = "<group>";
		};
/* End PBXGroup section */

/* Begin PBXNativeTarget section */
		FC6FFA702FDB4890001D5E2E /* Signal */ = {
			isa = PBXNativeTarget;
			buildConfigurationList = FC6FFA7C2FDB4891001D5E2E /* Build configuration list for PBXNativeTarget "Signal" */;
			buildPhases = (
				FC6FFA6D2FDB4890001D5E2E /* Sources */,
				FC6FFA6E2FDB4890001D5E2E /* Frameworks */,
				FC6FFA6F2FDB4890001D5E2E /* Resources */,
			);
			buildRules = (
			);
			dependencies = (
			);
			name = Signal;
			packageProductDependencies = (
			);
			productName = Signal;
			productReference = FC6FFA712FDB4890001D5E2E /* Signal.app */;
			productType = "com.apple.product-type.application";
		};
/* End PBXNativeTarget section */

/* Begin PBXProject section */
		FC6FFA692FDB4890001D5E2E /* Project object */ = {
			isa = PBXProject;
			attributes = {
				BuildIndependentTargetsInParallel = 1;
				LastSwiftUpdateCheck = 2650;
				LastUpgradeCheck = 2650;
				TargetAttributes = {
					FC6FFA702FDB4890001D5E2E = {
						CreatedOnToolsVersion = 26.5;
					};
				};
			};
			buildConfigurationList = FC6FFA6C2FDB4890001D5E2E /* Build configuration list for PBXProject "Signal" */;
			developmentRegion = en;
			hasScannedForEncodings = 0;
			knownRegions = (
				en,
				Base,
			);
			mainGroup = FC6FFA682FDB4890001D5E2E;
			minimizedProjectReferenceProxies = 1;
			preferredProjectObjectVersion = 77;
			productRefGroup = FC6FFA722FDB4890001D5E2E /* Products */;
			projectDirPath = "";
			projectRoot = "";
			targets = (
				FC6FFA702FDB4890001D5E2E /* Signal */,
			);
		};
/* End PBXProject section */

/* Begin PBXResourcesBuildPhase section */
		FC6FFA6F2FDB4890001D5E2E /* Resources */ = {
			isa = PBXResourcesBuildPhase;
			buildActionMask = 2147483647;
			files = (
				FC6FFA822FDB48B9001D5E2E /* Assets.xcassets in Resources */,
			);
			runOnlyForDeploymentPostprocessing = 0;
		};
/* End PBXResourcesBuildPhase section */

/* Begin PBXSourcesBuildPhase section */
		FC6FFA6D2FDB4890001D5E2E /* Sources */ = {
			isa = PBXSourcesBuildPhase;
			buildActionMask = 2147483647;
			files = (
				FCCC9B5B2FDC7CD400C154F7 /* Font+Signal.swift in Sources */,
				FCCC9B5F2FDC806F00C154F7 /* PressEffectModifier.swift in Sources */,
				FC6FFA832FDB48B9001D5E2E /* SignalApp.swift in Sources */,
				FCCC9B5D2FDC7E7F00C154F7 /* SignalCardModifiers.swift in Sources */,
				FCCC9B612FDC822800C154F7 /* SIgnalDivider.swift in Sources */,
				FCCC9B632FDC82AF00C154F7 /* SIGNAL.swift in Sources */,
				FCCC9B3D2FDC737D00C154F7 /* AppConstants.swift in Sources */,
				FCCC9B592FDC79F500C154F7 /* Color+Signal.swift in Sources */,
			);
			runOnlyForDeploymentPostprocessing = 0;
		};
/* End PBXSourcesBuildPhase section */

/* Begin XCBuildConfiguration section */
		FC6FFA7A2FDB4891001D5E2E /* Debug */ = {
			isa = XCBuildConfiguration;
			buildSettings = {
				ALWAYS_SEARCH_USER_PATHS = NO;
				ASSETCATALOG_COMPILER_GENERATE_SWIFT_ASSET_SYMBOL_EXTENSIONS = YES;
				CLANG_ANALYZER_NONNULL = YES;
				CLANG_ANALYZER_NUMBER_OBJECT_CONVERSION = YES_AGGRESSIVE;
				CLANG_CXX_LANGUAGE_STANDARD = "gnu++20";
				CLANG_ENABLE_MODULES = YES;
				CLANG_ENABLE_OBJC_ARC = YES;
				CLANG_ENABLE_OBJC_WEAK = YES;
				CLANG_WARN_BLOCK_CAPTURE_AUTORELEASING = YES;
				CLANG_WARN_BOOL_CONVERSION = YES;
				CLANG_WARN_COMMA = YES;
				CLANG_WARN_CONSTANT_CONVERSION = YES;
				CLANG_WARN_DEPRECATED_OBJC_IMPLEMENTATIONS = YES;
				CLANG_WARN_DIRECT_OBJC_ISA_USAGE = YES_ERROR;
				CLANG_WARN_DOCUMENTATION_COMMENTS = YES;
				CLANG_WARN_EMPTY_BODY = YES;
				CLANG_WARN_ENUM_CONVERSION = YES;
				CLANG_WARN_INFINITE_RECURSION = YES;
				CLANG_WARN_INT_CONVERSION = YES;
				CLANG_WARN_NON_LITERAL_NULL_CONVERSION = YES;
				CLANG_WARN_OBJC_IMPLICIT_RETAIN_SELF = YES;
				CLANG_WARN_OBJC_LITERAL_CONVERSION = YES;
				CLANG_WARN_OBJC_ROOT_CLASS = YES_ERROR;
				CLANG_WARN_QUOTED_INCLUDE_IN_FRAMEWORK_HEADER = YES;
				CLANG_WARN_RANGE_LOOP_ANALYSIS = YES;
				CLANG_WARN_STRICT_PROTOTYPES = YES;
				CLANG_WARN_SUSPICIOUS_MOVE = YES;
				CLANG_WARN_UNGUARDED_AVAILABILITY = YES_AGGRESSIVE;
				CLANG_WARN_UNREACHABLE_CODE = YES;
				CLANG_WARN__DUPLICATE_METHOD_MATCH = YES;
				COPY_PHASE_STRIP = NO;
				DEBUG_INFORMATION_FORMAT = dwarf;
				DEVELOPMENT_TEAM = T75AGHF5M7;
				ENABLE_STRICT_OBJC_MSGSEND = YES;
				ENABLE_TESTABILITY = YES;
				ENABLE_USER_SCRIPT_SANDBOXING = YES;
				GCC_C_LANGUAGE_STANDARD = gnu17;
				GCC_DYNAMIC_NO_PIC = NO;
				GCC_NO_COMMON_BLOCKS = YES;
				GCC_OPTIMIZATION_LEVEL = 0;
				GCC_PREPROCESSOR_DEFINITIONS = (
					"DEBUG=1",
					"$(inherited)",
				);
				GCC_WARN_64_TO_32_BIT_CONVERSION = YES;
				GCC_WARN_ABOUT_RETURN_TYPE = YES_ERROR;
				GCC_WARN_UNDECLARED_SELECTOR = YES;
				GCC_WARN_UNINITIALIZED_AUTOS = YES_AGGRESSIVE;
				GCC_WARN_UNUSED_FUNCTION = YES;
				GCC_WARN_UNUSED_VARIABLE = YES;
				IPHONEOS_DEPLOYMENT_TARGET = 26.5;
				LOCALIZATION_PREFERS_STRING_CATALOGS = YES;
				MTL_ENABLE_DEBUG_INFO = INCLUDE_SOURCE;
				MTL_FAST_MATH = YES;
				ONLY_ACTIVE_ARCH = YES;
				SDKROOT = iphoneos;
				SWIFT_ACTIVE_COMPILATION_CONDITIONS = "DEBUG $(inherited)";
				SWIFT_OPTIMIZATION_LEVEL = "-Onone";
			};
			name = Debug;
		};
		FC6FFA7B2FDB4891001D5E2E /* Release */ = {
			isa = XCBuildConfiguration;
			buildSettings = {
				ALWAYS_SEARCH_USER_PATHS = NO;
				ASSETCATALOG_COMPILER_GENERATE_SWIFT_ASSET_SYMBOL_EXTENSIONS = YES;
				CLANG_ANALYZER_NONNULL = YES;
				CLANG_ANALYZER_NUMBER_OBJECT_CONVERSION = YES_AGGRESSIVE;
				CLANG_CXX_LANGUAGE_STANDARD = "gnu++20";
				CLANG_ENABLE_MODULES = YES;
				CLANG_ENABLE_OBJC_ARC = YES;
				CLANG_ENABLE_OBJC_WEAK = YES;
				CLANG_WARN_BLOCK_CAPTURE_AUTORELEASING = YES;
				CLANG_WARN_BOOL_CONVERSION = YES;
				CLANG_WARN_COMMA = YES;
				CLANG_WARN_CONSTANT_CONVERSION = YES;
				CLANG_WARN_DEPRECATED_OBJC_IMPLEMENTATIONS = YES;
				CLANG_WARN_DIRECT_OBJC_ISA_USAGE = YES_ERROR;
				CLANG_WARN_DOCUMENTATION_COMMENTS = YES;
				CLANG_WARN_EMPTY_BODY = YES;
				CLANG_WARN_ENUM_CONVERSION = YES;
				CLANG_WARN_INFINITE_RECURSION = YES;
				CLANG_WARN_INT_CONVERSION = YES;
				CLANG_WARN_NON_LITERAL_NULL_CONVERSION = YES;
				CLANG_WARN_OBJC_IMPLICIT_RETAIN_SELF = YES;
				CLANG_WARN_OBJC_LITERAL_CONVERSION = YES;
				CLANG_WARN_OBJC_ROOT_CLASS = YES_ERROR;
				CLANG_WARN_QUOTED_INCLUDE_IN_FRAMEWORK_HEADER = YES;
				CLANG_WARN_RANGE_LOOP_ANALYSIS = YES;
				CLANG_WARN_STRICT_PROTOTYPES = YES;
				CLANG_WARN_SUSPICIOUS_MOVE = YES;
				CLANG_WARN_UNGUARDED_AVAILABILITY = YES_AGGRESSIVE;
				CLANG_WARN_UNREACHABLE_CODE = YES;
				CLANG_WARN__DUPLICATE_METHOD_MATCH = YES;
				COPY_PHASE_STRIP = NO;
				DEBUG_INFORMATION_FORMAT = "dwarf-with-dsym";
				DEVELOPMENT_TEAM = T75AGHF5M7;
				ENABLE_NS_ASSERTIONS = NO;
				ENABLE_STRICT_OBJC_MSGSEND = YES;
				ENABLE_USER_SCRIPT_SANDBOXING = YES;
				GCC_C_LANGUAGE_STANDARD = gnu17;
				GCC_NO_COMMON_BLOCKS = YES;
				GCC_WARN_64_TO_32_BIT_CONVERSION = YES;
				GCC_WARN_ABOUT_RETURN_TYPE = YES_ERROR;
				GCC_WARN_UNDECLARED_SELECTOR = YES;
				GCC_WARN_UNINITIALIZED_AUTOS = YES_AGGRESSIVE;
				GCC_WARN_UNUSED_FUNCTION = YES;
				GCC_WARN_UNUSED_VARIABLE = YES;
				IPHONEOS_DEPLOYMENT_TARGET = 26.5;
				LOCALIZATION_PREFERS_STRING_CATALOGS = YES;
				MTL_ENABLE_DEBUG_INFO = NO;
				MTL_FAST_MATH = YES;
				SDKROOT = iphoneos;
				SWIFT_COMPILATION_MODE = wholemodule;
				VALIDATE_PRODUCT = YES;
			};
			name = Release;
		};
		FC6FFA7D2FDB4891001D5E2E /* Debug */ = {
			isa = XCBuildConfiguration;
			buildSettings = {
				ASSETCATALOG_COMPILER_APPICON_NAME = AppIcon;
				ASSETCATALOG_COMPILER_GLOBAL_ACCENT_COLOR_NAME = AccentColor;
				CODE_SIGN_STYLE = Automatic;
				CURRENT_PROJECT_VERSION = 1;
				DEVELOPMENT_TEAM = T75AGHF5M7;
				ENABLE_PREVIEWS = YES;
				GENERATE_INFOPLIST_FILE = YES;
				INFOPLIST_KEY_UIApplicationSceneManifest_Generation = YES;
				INFOPLIST_KEY_UIApplicationSupportsIndirectInputEvents = YES;
				INFOPLIST_KEY_UILaunchScreen_Generation = YES;
				INFOPLIST_KEY_UISupportedInterfaceOrientations_iPad = "UIInterfaceOrientationPortrait UIInterfaceOrientationPortraitUpsideDown UIInterfaceOrientationLandscapeLeft UIInterfaceOrientationLandscapeRight";
				INFOPLIST_KEY_UISupportedInterfaceOrientations_iPhone = "UIInterfaceOrientationPortrait UIInterfaceOrientationLandscapeLeft UIInterfaceOrientationLandscapeRight";
				LD_RUNPATH_SEARCH_PATHS = (
					"$(inherited)",
					"@executable_path/Frameworks",
				);
				MARKETING_VERSION = 1.0;
				PRODUCT_BUNDLE_IDENTIFIER = Avetis.Signal;
				PRODUCT_NAME = "$(TARGET_NAME)";
				STRING_CATALOG_GENERATE_SYMBOLS = YES;
				SWIFT_APPROACHABLE_CONCURRENCY = YES;
				SWIFT_DEFAULT_ACTOR_ISOLATION = MainActor;
				SWIFT_EMIT_LOC_STRINGS = YES;
				SWIFT_UPCOMING_FEATURE_MEMBER_IMPORT_VISIBILITY = YES;
				SWIFT_VERSION = 5.0;
				TARGETED_DEVICE_FAMILY = "1,2";
			};
			name = Debug;
		};
		FC6FFA7E2FDB4891001D5E2E /* Release */ = {
			isa = XCBuildConfiguration;
			buildSettings = {
				ASSETCATALOG_COMPILER_APPICON_NAME = AppIcon;
				ASSETCATALOG_COMPILER_GLOBAL_ACCENT_COLOR_NAME = AccentColor;
				CODE_SIGN_STYLE = Automatic;
				CURRENT_PROJECT_VERSION = 1;
				DEVELOPMENT_TEAM = T75AGHF5M7;
				ENABLE_PREVIEWS = YES;
				GENERATE_INFOPLIST_FILE = YES;
				INFOPLIST_KEY_UIApplicationSceneManifest_Generation = YES;
				INFOPLIST_KEY_UIApplicationSupportsIndirectInputEvents = YES;
				INFOPLIST_KEY_UILaunchScreen_Generation = YES;
				INFOPLIST_KEY_UISupportedInterfaceOrientations_iPad = "UIInterfaceOrientationPortrait UIInterfaceOrientationPortraitUpsideDown UIInterfaceOrientationLandscapeLeft UIInterfaceOrientationLandscapeRight";
				INFOPLIST_KEY_UISupportedInterfaceOrientations_iPhone = "UIInterfaceOrientationPortrait UIInterfaceOrientationLandscapeLeft UIInterfaceOrientationLandscapeRight";
				LD_RUNPATH_SEARCH_PATHS = (
					"$(inherited)",
					"@executable_path/Frameworks",
				);
				MARKETING_VERSION = 1.0;
				PRODUCT_BUNDLE_IDENTIFIER = Avetis.Signal;
				PRODUCT_NAME = "$(TARGET_NAME)";
				STRING_CATALOG_GENERATE_SYMBOLS = YES;
				SWIFT_APPROACHABLE_CONCURRENCY = YES;
				SWIFT_DEFAULT_ACTOR_ISOLATION = MainActor;
				SWIFT_EMIT_LOC_STRINGS = YES;
				SWIFT_UPCOMING_FEATURE_MEMBER_IMPORT_VISIBILITY = YES;
				SWIFT_VERSION = 5.0;
				TARGETED_DEVICE_FAMILY = "1,2";
			};
			name = Release;
		};
/* End XCBuildConfiguration section */

/* Begin XCConfigurationList section */
		FC6FFA6C2FDB4890001D5E2E /* Build configuration list for PBXProject "Signal" */ = {
			isa = XCConfigurationList;
			buildConfigurations = (
				FC6FFA7A2FDB4891001D5E2E /* Debug */,
				FC6FFA7B2FDB4891001D5E2E /* Release */,
			);
			defaultConfigurationIsVisible = 0;
			defaultConfigurationName = Release;
		};
		FC6FFA7C2FDB4891001D5E2E /* Build configuration list for PBXNativeTarget "Signal" */ = {
			isa = XCConfigurationList;
			buildConfigurations = (
				FC6FFA7D2FDB4891001D5E2E /* Debug */,
				FC6FFA7E2FDB4891001D5E2E /* Release */,
			);
			defaultConfigurationIsVisible = 0;
			defaultConfigurationName = Release;
		};
/* End XCConfigurationList section */
	};
	rootObject = FC6FFA692FDB4890001D5E2E /* Project object */;
}
